
Microsoft Visual Studio Solution File, Format Version 11.00
# Visual Studio 2010
Project("{FAE04EC0-301F-11D3-BF4B-00C04F79EFBC}") = "Assembly-CSharp", "Assembly-CSharp.csproj", "{09407696-9b9e-0fa1-5710-371f5fbc6fa3}"
EndProject
Project("{FAE04EC0-301F-11D3-BF4B-00C04F79EFBC}") = "Assembly-CSharp-Editor", "Assembly-CSharp-Editor.csproj", "{5a6f2f7c-3095-47e2-8a7e-6471b7e0caa9}"
EndProject
Global
	GlobalSection(SolutionConfigurationPlatforms) = preSolution
		Debug|Any CPU = Debug|Any CPU
	EndGlobalSection
	GlobalSection(ProjectConfigurationPlatforms) = postSolution
		{09407696-9b9e-0fa1-5710-371f5fbc6fa3}.Debug|Any CPU.ActiveCfg = Debug|Any CPU
		{09407696-9b9e-0fa1-5710-371f5fbc6fa3}.Debug|Any CPU.Build.0 = Debug|Any CPU
		{5a6f2f7c-3095-47e2-8a7e-6471b7e0caa9}.Debug|Any CPU.ActiveCfg = Debug|Any CPU
		{5a6f2f7c-3095-47e2-8a7e-6471b7e0caa9}.Debug|Any CPU.Build.0 = Debug|Any CPU
	EndGlobalSection
	GlobalSection(SolutionProperties) = preSolution
		HideSolutionNode = FALSE
	EndGlobalSection
EndGlobal
